// !$*UTF8*$!
{
	archiveVersion = 1;
	classes = {
	};
	objectVersion = 50;
	objects = {

/* Begin PBXBuildFile section */
		1F158A0826188BED00187E16 /* AfricaAppApp.swift in Sources */ = {isa = PBXBuildFile; fileRef = 1F158A0726188BED00187E16 /* AfricaAppApp.swift */; };
		1F158A0A26188BED00187E16 /* ContentView.swift in Sources */ = {isa = PBXBuildFile; fileRef = 1F158A0926188BED00187E16 /* ContentView.swift */; };
		1F158A0C26188BEF00187E16 /* Assets.xcassets in Resources */ = {isa = PBXBuildFile; fileRef = 1F158A0B26188BEF00187E16 /* Assets.xcassets */; };
		1F158A0F26188BEF00187E16 /* Preview Assets.xcassets in Resources */ = {isa = PBXBuildFile; fileRef = 1F158A0E26188BEF00187E16 /* Preview Assets.xcassets */; };
		1F158A3F26189E9700187E16 /* hippo.mp4 in Resources */ = {isa = PBXBuildFile; fileRef = 1F158A3526189E9500187E16 /* hippo.mp4 */; };
		1F158A4026189E9700187E16 /* rhino.mp4 in Resources */ = {isa = PBXBuildFile; fileRef = 1F158A3626189E9500187E16 /* rhino.mp4 */; };
		1F158A4126189E9700187E16 /* ostrich.mp4 in Resources */ = {isa = PBXBuildFile; fileRef = 1F158A3726189E9500187E16 /* ostrich.mp4 */; };
		1F158A4226189E9700187E16 /* cheetah.mp4 in Resources */ = {isa = PBXBuildFile; fileRef = 1F158A3826189E9600187E16 /* cheetah.mp4 */; };
		1F158A4326189E9700187E16 /* lion.mp4 in Resources */ = {isa = PBXBuildFile; fileRef = 1F158A3926189E9600187E16 /* lion.mp4 */; };
		1F158A4426189E9700187E16 /* gorilla.mp4 in Resources */ = {isa = PBXBuildFile; fileRef = 1F158A3A26189E9600187E16 /* gorilla.mp4 */; };
		1F158A4526189E9700187E16 /* zebra.mp4 in Resources */ = {isa = PBXBuildFile; fileRef = 1F158A3B26189E9600187E16 /* zebra.mp4 */; };
		1F158A4626189E9700187E16 /* giraffe.mp4 in Resources */ = {isa = PBXBuildFile; fileRef = 1F158A3C26189E9700187E16 /* giraffe.mp4 */; };
		1F158A4726189E9700187E16 /* elephant.mp4 in Resources */ = {isa = PBXBuildFile; fileRef = 1F158A3D26189E9700187E16 /* elephant.mp4 */; };
		1F158A4826189E9700187E16 /* lioness.mp4 in Resources */ = {isa = PBXBuildFile; fileRef = 1F158A3E26189E9700187E16 /* lioness.mp4 */; };
		1F158A4F26189EDD00187E16 /* animals.json in Resources */ = {isa = PBXBuildFile; fileRef = 1F158A4B26189EDD00187E16 /* animals.json */; };
		1F158A5026189EDD00187E16 /* videos.json in Resources */ = {isa = PBXBuildFile; fileRef = 1F158A4C26189EDD00187E16 /* videos.json */; };
		1F158A5126189EDD00187E16 /* locations.json in Resources */ = {isa = PBXBuildFile; fileRef = 1F158A4D26189EDD00187E16 /* locations.json */; };
		1F158A5226189EDD00187E16 /* covers.json in Resources */ = {isa = PBXBuildFile; fileRef = 1F158A4E26189EDD00187E16 /* covers.json */; };
		1F158A572618A08A00187E16 /* VideoListView.swift in Sources */ = {isa = PBXBuildFile; fileRef = 1F158A562618A08A00187E16 /* VideoListView.swift */; };
		1F158A5A2618A09A00187E16 /* MapView.swift in Sources */ = {isa = PBXBuildFile; fileRef = 1F158A592618A09A00187E16 /* MapView.swift */; };
		1F158A5D2618A0A800187E16 /* GalleryView.swift in Sources */ = {isa = PBXBuildFile; fileRef = 1F158A5C2618A0A800187E16 /* GalleryView.swift */; };
		1F158A602618A0B500187E16 /* MainView.swift in Sources */ = {isa = PBXBuildFile; fileRef = 1F158A5F2618A0B500187E16 /* MainView.swift */; };
		1F158A642618A5F200187E16 /* CoverImageView.swift in Sources */ = {isa = PBXBuildFile; fileRef = 1F158A632618A5F200187E16 /* CoverImageView.swift */; };
		1F158A692618A82800187E16 /* CoverImageModel.swift in Sources */ = {isa = PBXBuildFile; fileRef = 1F158A682618A82800187E16 /* CoverImageModel.swift */; };
		1F158A6D2618A96F00187E16 /* CodableBundleExtension.swift in Sources */ = {isa = PBXBuildFile; fileRef = 1F158A6C2618A96F00187E16 /* CodableBundleExtension.swift */; };
		1F158A712618ADDC00187E16 /* AnimalListItemView.swift in Sources */ = {isa = PBXBuildFile; fileRef = 1F158A702618ADDC00187E16 /* AnimalListItemView.swift */; };
		1F158A742618AF2800187E16 /* AnimalModal.swift in Sources */ = {isa = PBXBuildFile; fileRef = 1F158A732618AF2800187E16 /* AnimalModal.swift */; };
		1F158A772618B1FD00187E16 /* AnimalDetailView.swift in Sources */ = {isa = PBXBuildFile; fileRef = 1F158A762618B1FD00187E16 /* AnimalDetailView.swift */; };
		1F158A7A2618B3AC00187E16 /* HeadingView.swift in Sources */ = {isa = PBXBuildFile; fileRef = 1F158A792618B3AC00187E16 /* HeadingView.swift */; };
		1F158A7D2618B48C00187E16 /* InsetGalleryview.swift in Sources */ = {isa = PBXBuildFile; fileRef = 1F158A7C2618B48C00187E16 /* InsetGalleryview.swift */; };
		1F158A802618B88000187E16 /* InsetFactView.swift in Sources */ = {isa = PBXBuildFile; fileRef = 1F158A7F2618B88000187E16 /* InsetFactView.swift */; };
		1F158A832618C27B00187E16 /* InsetMapView.swift in Sources */ = {isa = PBXBuildFile; fileRef = 1F158A822618C27B00187E16 /* InsetMapView.swift */; };
		1F9423D22618C5FB00CD0256 /* ExternalWeblinkView.swift in Sources */ = {isa = PBXBuildFile; fileRef = 1F9423D12618C5FB00CD0256 /* ExternalWeblinkView.swift */; };
/* End PBXBuildFile section */

/* Begin PBXFileReference section */
		1F158A0426188BED00187E16 /* AfricaApp.app */ = {isa = PBXFileReference; explicitFileType = wrapper.application; includeInIndex = 0; path = AfricaApp.app; sourceTree = BUILT_PRODUCTS_DIR; };
		1F158A0726188BED00187E16 /* AfricaAppApp.swift */ = {isa = PBXFileReference; lastKnownFileType = sourcecode.swift; path = AfricaAppApp.swift; sourceTree = "<group>"; };
		1F158A0926188BED00187E16 /* ContentView.swift */ = {isa = PBXFileReference; lastKnownFileType = sourcecode.swift; path = ContentView.swift; sourceTree = "<group>"; };
		1F158A0B26188BEF00187E16 /* Assets.xcassets */ = {isa = PBXFileReference; lastKnownFileType = folder.assetcatalog; path = Assets.xcassets; sourceTree = "<group>"; };
		1F158A0E26188BEF00187E16 /* Preview Assets.xcassets */ = {isa = PBXFileReference; lastKnownFileType = folder.assetcatalog; path = "Preview Assets.xcassets"; sourceTree = "<group>"; };
		1F158A1026188BEF00187E16 /* Info.plist */ = {isa = PBXFileReference; lastKnownFileType = text.plist.xml; path = Info.plist; sourceTree = "<group>"; };
		1F158A3526189E9500187E16 /* hippo.mp4 */ = {isa = PBXFileReference; lastKnownFileType = file; path = hippo.mp4; sourceTree = "<group>"; };
		1F158A3626189E9500187E16 /* rhino.mp4 */ = {isa = PBXFileReference; lastKnownFileType = file; path = rhino.mp4; sourceTree = "<group>"; };
		1F158A3726189E9500187E16 /* ostrich.mp4 */ = {isa = PBXFileReference; lastKnownFileType = file; path = ostrich.mp4; sourceTree = "<group>"; };
		1F158A3826189E9600187E16 /* cheetah.mp4 */ = {isa = PBXFileReference; lastKnownFileType = file; path = cheetah.mp4; sourceTree = "<group>"; };
		1F158A3926189E9600187E16 /* lion.mp4 */ = {isa = PBXFileReference; lastKnownFileType = file; path = lion.mp4; sourceTree = "<group>"; };
		1F158A3A26189E9600187E16 /* gorilla.mp4 */ = {isa = PBXFileReference; lastKnownFileType = file; path = gorilla.mp4; sourceTree = "<group>"; };
		1F158A3B26189E9600187E16 /* zebra.mp4 */ = {isa = PBXFileReference; lastKnownFileType = file; path = zebra.mp4; sourceTree = "<group>"; };
		1F158A3C26189E9700187E16 /* giraffe.mp4 */ = {isa = PBXFileReference; lastKnownFileType = file; path = giraffe.mp4; sourceTree = "<group>"; };
		1F158A3D26189E9700187E16 /* elephant.mp4 */ = {isa = PBXFileReference; lastKnownFileType = file; path = elephant.mp4; sourceTree = "<group>"; };
		1F158A3E26189E9700187E16 /* lioness.mp4 */ = {isa = PBXFileReference; lastKnownFileType = file; path = lioness.mp4; sourceTree = "<group>"; };
		1F158A4B26189EDD00187E16 /* animals.json */ = {isa = PBXFileReference; fileEncoding = 4; lastKnownFileType = text.json; path = animals.json; sourceTree = "<group>"; };
		1F158A4C26189EDD00187E16 /* videos.json */ = {isa = PBXFileReference; fileEncoding = 4; lastKnownFileType = text.json; path = videos.json; sourceTree = "<group>"; };
		1F158A4D26189EDD00187E16 /* locations.json */ = {isa = PBXFileReference; fileEncoding = 4; lastKnownFileType = text.json; path = locations.json; sourceTree = "<group>"; };
		1F158A4E26189EDD00187E16 /* covers.json */ = {isa = PBXFileReference; fileEncoding = 4; lastKnownFileType = text.json; path = covers.json; sourceTree = "<group>"; };
		1F158A562618A08A00187E16 /* VideoListView.swift */ = {isa = PBXFileReference; lastKnownFileType = sourcecode.swift; path = VideoListView.swift; sourceTree = "<group>"; };
		1F158A592618A09A00187E16 /* MapView.swift */ = {isa = PBXFileReference; lastKnownFileType = sourcecode.swift; path = MapView.swift; sourceTree = "<group>"; };
		1F158A5C2618A0A800187E16 /* GalleryView.swift */ = {isa = PBXFileReference; lastKnownFileType = sourcecode.swift; path = GalleryView.swift; sourceTree = "<group>"; };
		1F158A5F2618A0B500187E16 /* MainView.swift */ = {isa = PBXFileReference; lastKnownFileType = sourcecode.swift; path = MainView.swift; sourceTree = "<group>"; };
		1F158A632618A5F200187E16 /* CoverImageView.swift */ = {isa = PBXFileReference; lastKnownFileType = sourcecode.swift; path = CoverImageView.swift; sourceTree = "<group>"; };
		1F158A682618A82800187E16 /* CoverImageModel.swift */ = {isa = PBXFileReference; lastKnownFileType = sourcecode.swift; path = CoverImageModel.swift; sourceTree = "<group>"; };
		1F158A6C2618A96F00187E16 /* CodableBundleExtension.swift */ = {isa = PBXFileReference; lastKnownFileType = sourcecode.swift; path = CodableBundleExtension.swift; sourceTree = "<group>"; };
		1F158A702618ADDC00187E16 /* AnimalListItemView.swift */ = {isa = PBXFileReference; lastKnownFileType = sourcecode.swift; path = AnimalListItemView.swift; sourceTree = "<group>"; };
		1F158A732618AF2800187E16 /* AnimalModal.swift */ = {isa = PBXFileReference; lastKnownFileType = sourcecode.swift; path = AnimalModal.swift; sourceTree = "<group>"; };
		1F158A762618B1FD00187E16 /* AnimalDetailView.swift */ = {isa = PBXFileReference; lastKnownFileType = sourcecode.swift; path = AnimalDetailView.swift; sourceTree = "<group>"; };
		1F158A792618B3AC00187E16 /* HeadingView.swift */ = {isa = PBXFileReference; lastKnownFileType = sourcecode.swift; path = HeadingView.swift; sourceTree = "<group>"; };
		1F158A7C2618B48C00187E16 /* InsetGalleryview.swift */ = {isa = PBXFileReference; lastKnownFileType = sourcecode.swift; path = InsetGalleryview.swift; sourceTree = "<group>"; };
		1F158A7F2618B88000187E16 /* InsetFactView.swift */ = {isa = PBXFileReference; lastKnownFileType = sourcecode.swift; path = InsetFactView.swift; sourceTree = "<group>"; };
		1F158A822618C27B00187E16 /* InsetMapView.swift */ = {isa = PBXFileReference; lastKnownFileType = sourcecode.swift; path = InsetMapView.swift; sourceTree = "<group>"; };
		1F9423D12618C5FB00CD0256 /* ExternalWeblinkView.swift */ = {isa = PBXFileReference; lastKnownFileType = sourcecode.swift; path = ExternalWeblinkView.swift; sourceTree = "<group>"; };
/* End PBXFileReference section */

/* Begin PBXFrameworksBuildPhase section */
		1F158A0126188BED00187E16 /* Frameworks */ = {
			isa = PBXFrameworksBuildPhase;
			buildActionMask = 2147483647;
			files = (
			);
			runOnlyForDeploymentPostprocessing = 0;
		};
/* End PBXFrameworksBuildPhase section */

/* Begin PBXGroup section */
		1F1589FB26188BED00187E16 = {
			isa = PBXGroup;
			children = (
				1F158A0626188BED00187E16 /* AfricaApp */,
				1F158A0526188BED00187E16 /* Products */,
			);
			sourceTree = "<group>";
		};
		1F158A0526188BED00187E16 /* Products */ = {
			isa = PBXGroup;
			children = (
				1F158A0426188BED00187E16 /* AfricaApp.app */,
			);
			name = Products;
			sourceTree = "<group>";
		};
		1F158A0626188BED00187E16 /* AfricaApp */ = {
			isa = PBXGroup;
			children = (
				1F158A6B2618A95800187E16 /* Extension */,
				1F158A672618A81700187E16 /* Model */,
				1F158A622618A5DC00187E16 /* View */,
				1F158A4A26189EBB00187E16 /* Data */,
				1F158A3426189E6E00187E16 /* Video */,
				1F158A542618A04900187E16 /* App */,
				1F158A0B26188BEF00187E16 /* Assets.xcassets */,
				1F158A1026188BEF00187E16 /* Info.plist */,
				1F158A0D26188BEF00187E16 /* Preview Content */,
			);
			path = AfricaApp;
			sourceTree = "<group>";
		};
		1F158A0D26188BEF00187E16 /* Preview Content */ = {
			isa = PBXGroup;
			children = (
				1F158A0E26188BEF00187E16 /* Preview Assets.xcassets */,
			);
			path = "Preview Content";
			sourceTree = "<group>";
		};
		1F158A3426189E6E00187E16 /* Video */ = {
			isa = PBXGroup;
			children = (
				1F158A3826189E9600187E16 /* cheetah.mp4 */,
				1F158A3D26189E9700187E16 /* elephant.mp4 */,
				1F158A3C26189E9700187E16 /* giraffe.mp4 */,
				1F158A3A26189E9600187E16 /* gorilla.mp4 */,
				1F158A3526189E9500187E16 /* hippo.mp4 */,
				1F158A3926189E9600187E16 /* lion.mp4 */,
				1F158A3E26189E9700187E16 /* lioness.mp4 */,
				1F158A3726189E9500187E16 /* ostrich.mp4 */,
				1F158A3626189E9500187E16 /* rhino.mp4 */,
				1F158A3B26189E9600187E16 /* zebra.mp4 */,
			);
			path = Video;
			sourceTree = "<group>";
		};
		1F158A4A26189EBB00187E16 /* Data */ = {
			isa = PBXGroup;
			children = (
				1F158A4B26189EDD00187E16 /* animals.json */,
				1F158A4E26189EDD00187E16 /* covers.json */,
				1F158A4D26189EDD00187E16 /* locations.json */,
				1F158A4C26189EDD00187E16 /* videos.json */,
			);
			path = Data;
			sourceTree = "<group>";
		};
		1F158A542618A04900187E16 /* App */ = {
			isa = PBXGroup;
			children = (
				1F158A0726188BED00187E16 /* AfricaAppApp.swift */,
				1F158A0926188BED00187E16 /* ContentView.swift */,
				1F158A562618A08A00187E16 /* VideoListView.swift */,
				1F158A592618A09A00187E16 /* MapView.swift */,
				1F158A5C2618A0A800187E16 /* GalleryView.swift */,
				1F158A5F2618A0B500187E16 /* MainView.swift */,
			);
			path = App;
			sourceTree = "<group>";
		};
		1F158A622618A5DC00187E16 /* View */ = {
			isa = PBXGroup;
			children = (
				1F158A632618A5F200187E16 /* CoverImageView.swift */,
				1F158A702618ADDC00187E16 /* AnimalListItemView.swift */,
				1F158A762618B1FD00187E16 /* AnimalDetailView.swift */,
				1F158A792618B3AC00187E16 /* HeadingView.swift */,
				1F158A7C2618B48C00187E16 /* InsetGalleryview.swift */,
				1F158A7F2618B88000187E16 /* InsetFactView.swift */,
				1F158A822618C27B00187E16 /* InsetMapView.swift */,
				1F9423D12618C5FB00CD0256 /* ExternalWeblinkView.swift */,
			);
			path = View;
			sourceTree = "<group>";
		};
		1F158A672618A81700187E16 /* Model */ = {
			isa = PBXGroup;
			children = (
				1F158A682618A82800187E16 /* CoverImageModel.swift */,
				1F158A732618AF2800187E16 /* AnimalModal.swift */,
			);
			path = Model;
			sourceTree = "<group>";
		};
		1F158A6B2618A95800187E16 /* Extension */ = {
			isa = PBXGroup;
			children = (
				1F158A6C2618A96F00187E16 /* CodableBundleExtension.swift */,
			);
			path = Extension;
			sourceTree = "<group>";
		};
/* End PBXGroup section */

/* Begin PBXNativeTarget section */
		1F158A0326188BED00187E16 /* AfricaApp */ = {
			isa = PBXNativeTarget;
			buildConfigurationList = 1F158A1326188BEF00187E16 /* Build configuration list for PBXNativeTarget "AfricaApp" */;
			buildPhases = (
				1F158A0026188BED00187E16 /* Sources */,
				1F158A0126188BED00187E16 /* Frameworks */,
				1F158A0226188BED00187E16 /* Resources */,
			);
			buildRules = (
			);
			dependencies = (
			);
			name = AfricaApp;
			productName = AfricaApp;
			productReference = 1F158A0426188BED00187E16 /* AfricaApp.app */;
			productType = "com.apple.product-type.application";
		};
/* End PBXNativeTarget section */

/* Begin PBXProject section */
		1F1589FC26188BED00187E16 /* Project object */ = {
			isa = PBXProject;
			attributes = {
				LastSwiftUpdateCheck = 1240;
				LastUpgradeCheck = 1240;
				TargetAttributes = {
					1F158A0326188BED00187E16 = {
						CreatedOnToolsVersion = 12.4;
					};
				};
			};
			buildConfigurationList = 1F1589FF26188BED00187E16 /* Build configuration list for PBXProject "AfricaApp" */;
			compatibilityVersion = "Xcode 9.3";
			developmentRegion = en;
			hasScannedForEncodings = 0;
			knownRegions = (
				en,
				Base,
			);
			mainGroup = 1F1589FB26188BED00187E16;
			productRefGroup = 1F158A0526188BED00187E16 /* Products */;
			projectDirPath = "";
			projectRoot = "";
			targets = (
				1F158A0326188BED00187E16 /* AfricaApp */,
			);
		};
/* End PBXProject section */

/* Begin PBXResourcesBuildPhase section */
		1F158A0226188BED00187E16 /* Resources */ = {
			isa = PBXResourcesBuildPhase;
			buildActionMask = 2147483647;
			files = (
				1F158A4026189E9700187E16 /* rhino.mp4 in Resources */,
				1F158A0F26188BEF00187E16 /* Preview Assets.xcassets in Resources */,
				1F158A4326189E9700187E16 /* lion.mp4 in Resources */,
				1F158A5026189EDD00187E16 /* videos.json in Resources */,
				1F158A4226189E9700187E16 /* cheetah.mp4 in Resources */,
				1F158A5226189EDD00187E16 /* covers.json in Resources */,
				1F158A4626189E9700187E16 /* giraffe.mp4 in Resources */,
				1F158A4426189E9700187E16 /* gorilla.mp4 in Resources */,
				1F158A5126189EDD00187E16 /* locations.json in Resources */,
				1F158A3F26189E9700187E16 /* hippo.mp4 in Resources */,
				1F158A4F26189EDD00187E16 /* animals.json in Resources */,
				1F158A4126189E9700187E16 /* ostrich.mp4 in Resources */,
				1F158A4526189E9700187E16 /* zebra.mp4 in Resources */,
				1F158A0C26188BEF00187E16 /* Assets.xcassets in Resources */,
				1F158A4726189E9700187E16 /* elephant.mp4 in Resources */,
				1F158A4826189E9700187E16 /* lioness.mp4 in Resources */,
			);
			runOnlyForDeploymentPostprocessing = 0;
		};
/* End PBXResourcesBuildPhase section */

/* Begin PBXSourcesBuildPhase section */
		1F158A0026188BED00187E16 /* Sources */ = {
			isa = PBXSourcesBuildPhase;
			buildActionMask = 2147483647;
			files = (
				1F9423D22618C5FB00CD0256 /* ExternalWeblinkView.swift in Sources */,
				1F158A0A26188BED00187E16 /* ContentView.swift in Sources */,
				1F158A712618ADDC00187E16 /* AnimalListItemView.swift in Sources */,
				1F158A742618AF2800187E16 /* AnimalModal.swift in Sources */,
				1F158A802618B88000187E16 /* InsetFactView.swift in Sources */,
				1F158A602618A0B500187E16 /* MainView.swift in Sources */,
				1F158A642618A5F200187E16 /* CoverImageView.swift in Sources */,
				1F158A772618B1FD00187E16 /* AnimalDetailView.swift in Sources */,
				1F158A692618A82800187E16 /* CoverImageModel.swift in Sources */,
				1F158A5A2618A09A00187E16 /* MapView.swift in Sources */,
				1F158A832618C27B00187E16 /* InsetMapView.swift in Sources */,
				1F158A0826188BED00187E16 /* AfricaAppApp.swift in Sources */,
				1F158A572618A08A00187E16 /* VideoListView.swift in Sources */,
				1F158A5D2618A0A800187E16 /* GalleryView.swift in Sources */,
				1F158A7D2618B48C00187E16 /* InsetGalleryview.swift in Sources */,
				1F158A6D2618A96F00187E16 /* CodableBundleExtension.swift in Sources */,
				1F158A7A2618B3AC00187E16 /* HeadingView.swift in Sources */,
			);
			runOnlyForDeploymentPostprocessing = 0;
		};
/* End PBXSourcesBuildPhase section */

/* Begin XCBuildConfiguration section */
		1F158A1126188BEF00187E16 /* Debug */ = {
			isa = XCBuildConfiguration;
			buildSettings = {
				ALWAYS_SEARCH_USER_PATHS = NO;
				CLANG_ANALYZER_NONNULL = YES;
				CLANG_ANALYZER_NUMBER_OBJECT_CONVERSION = YES_AGGRESSIVE;
				CLANG_CXX_LANGUAGE_STANDARD = "gnu++14";
				CLANG_CXX_LIBRARY = "libc++";
				CLANG_ENABLE_MODULES = YES;
				CLANG_ENABLE_OBJC_ARC = YES;
				CLANG_ENABLE_OBJC_WEAK = YES;
				CLANG_WARN_BLOCK_CAPTURE_AUTORELEASING = YES;
				CLANG_WARN_BOOL_CONVERSION = YES;
				CLANG_WARN_COMMA = YES;
				CLANG_WARN_CONSTANT_CONVERSION = YES;
				CLANG_WARN_DEPRECATED_OBJC_IMPLEMENTATIONS = YES;
				CLANG_WARN_DIRECT_OBJC_ISA_USAGE = YES_ERROR;
				CLANG_WARN_DOCUMENTATION_COMMENTS = YES;
				CLANG_WARN_EMPTY_BODY = YES;
				CLANG_WARN_ENUM_CONVERSION = YES;
				CLANG_WARN_INFINITE_RECURSION = YES;
				CLANG_WARN_INT_CONVERSION = YES;
				CLANG_WARN_NON_LITERAL_NULL_CONVERSION = YES;
				CLANG_WARN_OBJC_IMPLICIT_RETAIN_SELF = YES;
				CLANG_WARN_OBJC_LITERAL_CONVERSION = YES;
				CLANG_WARN_OBJC_ROOT_CLASS = YES_ERROR;
				CLANG_WARN_QUOTED_INCLUDE_IN_FRAMEWORK_HEADER = YES;
				CLANG_WARN_RANGE_LOOP_ANALYSIS = YES;
				CLANG_WARN_STRICT_PROTOTYPES = YES;
				CLANG_WARN_SUSPICIOUS_MOVE = YES;
				CLANG_WARN_UNGUARDED_AVAILABILITY = YES_AGGRESSIVE;
				CLANG_WARN_UNREACHABLE_CODE = YES;
				CLANG_WARN__DUPLICATE_METHOD_MATCH = YES;
				COPY_PHASE_STRIP = NO;
				DEBUG_INFORMATION_FORMAT = dwarf;
				ENABLE_STRICT_OBJC_MSGSEND = YES;
				ENABLE_TESTABILITY = YES;
				GCC_C_LANGUAGE_STANDARD = gnu11;
				GCC_DYNAMIC_NO_PIC = NO;
				GCC_NO_COMMON_BLOCKS = YES;
				GCC_OPTIMIZATION_LEVEL = 0;
				GCC_PREPROCESSOR_DEFINITIONS = (
					"DEBUG=1",
					"$(inherited)",
				);
				GCC_WARN_64_TO_32_BIT_CONVERSION = YES;
				GCC_WARN_ABOUT_RETURN_TYPE = YES_ERROR;
				GCC_WARN_UNDECLARED_SELECTOR = YES;
				GCC_WARN_UNINITIALIZED_AUTOS = YES_AGGRESSIVE;
				GCC_WARN_UNUSED_FUNCTION = YES;
				GCC_WARN_UNUSED_VARIABLE = YES;
				IPHONEOS_DEPLOYMENT_TARGET = 14.4;
				MTL_ENABLE_DEBUG_INFO = INCLUDE_SOURCE;
				MTL_FAST_MATH = YES;
				ONLY_ACTIVE_ARCH = YES;
				SDKROOT = iphoneos;
				SWIFT_ACTIVE_COMPILATION_CONDITIONS = DEBUG;
				SWIFT_OPTIMIZATION_LEVEL = "-Onone";
			};
			name = Debug;
		};
		1F158A1226188BEF00187E16 /* Release */ = {
			isa = XCBuildConfiguration;
			buildSettings = {
				ALWAYS_SEARCH_USER_PATHS = NO;
				CLANG_ANALYZER_NONNULL = YES;
				CLANG_ANALYZER_NUMBER_OBJECT_CONVERSION = YES_AGGRESSIVE;
				CLANG_CXX_LANGUAGE_STANDARD = "gnu++14";
				CLANG_CXX_LIBRARY = "libc++";
				CLANG_ENABLE_MODULES = YES;
				CLANG_ENABLE_OBJC_ARC = YES;
				CLANG_ENABLE_OBJC_WEAK = YES;
				CLANG_WARN_BLOCK_CAPTURE_AUTORELEASING = YES;
				CLANG_WARN_BOOL_CONVERSION = YES;
				CLANG_WARN_COMMA = YES;
				CLANG_WARN_CONSTANT_CONVERSION = YES;
				CLANG_WARN_DEPRECATED_OBJC_IMPLEMENTATIONS = YES;
				CLANG_WARN_DIRECT_OBJC_ISA_USAGE = YES_ERROR;
				CLANG_WARN_DOCUMENTATION_COMMENTS = YES;
				CLANG_WARN_EMPTY_BODY = YES;
				CLANG_WARN_ENUM_CONVERSION = YES;
				CLANG_WARN_INFINITE_RECURSION = YES;
				CLANG_WARN_INT_CONVERSION = YES;
				CLANG_WARN_NON_LITERAL_NULL_CONVERSION = YES;
				CLANG_WARN_OBJC_IMPLICIT_RETAIN_SELF = YES;
				CLANG_WARN_OBJC_LITERAL_CONVERSION = YES;
				CLANG_WARN_OBJC_ROOT_CLASS = YES_ERROR;
				CLANG_WARN_QUOTED_INCLUDE_IN_FRAMEWORK_HEADER = YES;
				CLANG_WARN_RANGE_LOOP_ANALYSIS = YES;
				CLANG_WARN_STRICT_PROTOTYPES = YES;
				CLANG_WARN_SUSPICIOUS_MOVE = YES;
				CLANG_WARN_UNGUARDED_AVAILABILITY = YES_AGGRESSIVE;
				CLANG_WARN_UNREACHABLE_CODE = YES;
				CLANG_WARN__DUPLICATE_METHOD_MATCH = YES;
				COPY_PHASE_STRIP = NO;
				DEBUG_INFORMATION_FORMAT = "dwarf-with-dsym";
				ENABLE_NS_ASSERTIONS = NO;
				ENABLE_STRICT_OBJC_MSGSEND = YES;
				GCC_C_LANGUAGE_STANDARD = gnu11;
				GCC_NO_COMMON_BLOCKS = YES;
				GCC_WARN_64_TO_32_BIT_CONVERSION = YES;
				GCC_WARN_ABOUT_RETURN_TYPE = YES_ERROR;
				GCC_WARN_UNDECLARED_SELECTOR = YES;
				GCC_WARN_UNINITIALIZED_AUTOS = YES_AGGRESSIVE;
				GCC_WARN_UNUSED_FUNCTION = YES;
				GCC_WARN_UNUSED_VARIABLE = YES;
				IPHONEOS_DEPLOYMENT_TARGET = 14.4;
				MTL_ENABLE_DEBUG_INFO = NO;
				MTL_FAST_MATH = YES;
				SDKROOT = iphoneos;
				SWIFT_COMPILATION_MODE = wholemodule;
				SWIFT_OPTIMIZATION_LEVEL = "-O";
				VALIDATE_PRODUCT = YES;
			};
			name = Release;
		};
		1F158A1426188BEF00187E16 /* Debug */ = {
			isa = XCBuildConfiguration;
			buildSettings = {
				ASSETCATALOG_COMPILER_APPICON_NAME = AppIcon;
				ASSETCATALOG_COMPILER_GLOBAL_ACCENT_COLOR_NAME = AccentColor;
				CODE_SIGN_STYLE = Automatic;
				DEVELOPMENT_ASSET_PATHS = "\"AfricaApp/Preview Content\"";
				DEVELOPMENT_TEAM = V2ZB4HDP8S;
				ENABLE_PREVIEWS = YES;
				INFOPLIST_FILE = AfricaApp/Info.plist;
				IPHONEOS_DEPLOYMENT_TARGET = 14.0;
				LD_RUNPATH_SEARCH_PATHS = (
					"$(inherited)",
					"@executable_path/Frameworks",
				);
				PRODUCT_BUNDLE_IDENTIFIER = pl.creativesstudio.AfricaApp;
				PRODUCT_NAME = "$(TARGET_NAME)";
				SWIFT_VERSION = 5.0;
				TARGETED_DEVICE_FAMILY = "1,2";
			};
			name = Debug;
		};
		1F158A1526188BEF00187E16 /* Release */ = {
			isa = XCBuildConfiguration;
			buildSettings = {
				ASSETCATALOG_COMPILER_APPICON_NAME = AppIcon;
				ASSETCATALOG_COMPILER_GLOBAL_ACCENT_COLOR_NAME = AccentColor;
				CODE_SIGN_STYLE = Automatic;
				DEVELOPMENT_ASSET_PATHS = "\"AfricaApp/Preview Content\"";
				DEVELOPMENT_TEAM = V2ZB4HDP8S;
				ENABLE_PREVIEWS = YES;
				INFOPLIST_FILE = AfricaApp/Info.plist;
				IPHONEOS_DEPLOYMENT_TARGET = 14.0;
				LD_RUNPATH_SEARCH_PATHS = (
					"$(inherited)",
					"@executable_path/Frameworks",
				);
				PRODUCT_BUNDLE_IDENTIFIER = pl.creativesstudio.AfricaApp;
				PRODUCT_NAME = "$(TARGET_NAME)";
				SWIFT_VERSION = 5.0;
				TARGETED_DEVICE_FAMILY = "1,2";
			};
			name = Release;
		};
/* End XCBuildConfiguration section */

/* Begin XCConfigurationList section */
		1F1589FF26188BED00187E16 /* Build configuration list for PBXProject "AfricaApp" */ = {
			isa = XCConfigurationList;
			buildConfigurations = (
				1F158A1126188BEF00187E16 /* Debug */,
				1F158A1226188BEF00187E16 /* Release */,
			);
			defaultConfigurationIsVisible = 0;
			defaultConfigurationName = Release;
		};
		1F158A1326188BEF00187E16 /* Build configuration list for PBXNativeTarget "AfricaApp" */ = {
			isa = XCConfigurationList;
			buildConfigurations = (
				1F158A1426188BEF00187E16 /* Debug */,
				1F158A1526188BEF00187E16 /* Release */,
			);
			defaultConfigurationIsVisible = 0;
			defaultConfigurationName = Release;
		};
/* End XCConfigurationList section */
	};
	rootObject = 1F1589FC26188BED00187E16 /* Project object */;
}
